
Microsoft Visual Studio Solution File, Format Version 12.00
# Visual Studio Version 16
VisualStudioVersion = 16.0.30011.22
MinimumVisualStudioVersion = 10.0.40219.1
Project("{8BC9CEB8-8B4A-11D0-8D11-00A0C91BC942}") = "Practice", "Practice\Practice.vcxproj", "{19458B31-94BA-4D0A-8215-EEA7852C3769}"
EndProject
Project("{8BC9CEB8-8B4A-11D0-8D11-00A0C91BC942}") = "Exercise5", "Exercise5\Exercise5.vcxproj", "{55CE1FFE-70A2-4C1A-92CA-D72C13A8A186}"
EndProject
Project("{8BC9CEB8-8B4A-11D0-8D11-00A0C91BC942}") = "Exercise6", "Exercise6\Exercise6.vcxproj", "{C1136C21-4413-4B8F-A4C8-B87B1FAE625E}"
EndProject
Project("{8BC9CEB8-8B4A-11D0-8D11-00A0C91BC942}") = "Exercise7", "Exercise7\Exercise7.vcxproj", "{DC6E31D6-9306-4020-859F-BF55123A8CD4}"
EndProject
Project("{8BC9CEB8-8B4A-11D0-8D11-00A0C91BC942}") = "Exercise8", "Exercise8\Exercise8.vcxproj", "{498D111F-04BC-46EE-800F-678F7D162397}"
EndProject
Project("{8BC9CEB8-8B4A-11D0-8D11-00A0C91BC942}") = "Exercise9", "Exercise9\Exercise9.vcxproj", "{94A7F769-DFBC-447D-AECE-9ECA31198CA2}"
EndProject
Project("{8BC9CEB8-8B4A-11D0-8D11-00A0C91BC942}") = "Exercise10", "Exercise10\Exercise10.vcxproj", "{78909EC8-0640-41D2-9312-9117E23302EA}"
EndProject
Project("{8BC9CEB8-8B4A-11D0-8D11-00A0C91BC942}") = "Exercise11", "Exercise11\Exercise11.vcxproj", "{CF56489D-2FCB-4050-BD48-ACCAEC87BCA0}"
EndProject
Project("{8BC9CEB8-8B4A-11D0-8D11-00A0C91BC942}") = "Exercise12", "Exercise12\Exercise12.vcxproj", "{E7183322-86BF-4D17-830E-C0B85F3A37C9}"
EndProject
Project("{8BC9CEB8-8B4A-11D0-8D11-00A0C91BC942}") = "Exercise13", "Exercise13\Exercise13.vcxproj", "{8FAC7701-D03B-4967-B425-A6256027FEB9}"
EndProject
Project("{8BC9CEB8-8B4A-11D0-8D11-00A0C91BC942}") = "A_playing_around", "A_playing_around\A_playing_around.vcxproj", "{038F0A0C-9535-4FBB-A305-8D0F133962E5}"
EndProject
Project("{8BC9CEB8-8B4A-11D0-8D11-00A0C91BC942}") = "Exercise14", "Exercise14\Exercise14.vcxproj", "{A648294C-2975-4AB7-8A8C-E540FF02A798}"
EndProject
Project("{8BC9CEB8-8B4A-11D0-8D11-00A0C91BC942}") = "Exercise15", "Exercise15\Exercise15.vcxproj", "{31CA4F02-74F1-495C-A346-81C4B4B8C927}"
EndProject
Project("{8BC9CEB8-8B4A-11D0-8D11-00A0C91BC942}") = "Exercise16", "Exercise16\Exercise16.vcxproj", "{69AA46CB-EDA3-4B17-B342-6C92DC87257B}"
EndProject
Project("{8BC9CEB8-8B4A-11D0-8D11-00A0C91BC942}") = "check", "check\check.vcxproj", "{6F9168FD-F19F-4EA6-8EEB-77E500217928}"
EndProject
Project("{8BC9CEB8-8B4A-11D0-8D11-00A0C91BC942}") = "Exercise17", "Exercise17\Exercise17.vcxproj", "{C4D6DE67-0113-43A7-B19E-971F5BDEAB3B}"
EndProject
Global
	GlobalSection(SolutionConfigurationPlatforms) = preSolution
		Debug|x64 = Debug|x64
		Debug|x86 = Debug|x86
		Release|x64 = Release|x64
		Release|x86 = Release|x86
	EndGlobalSection
	GlobalSection(ProjectConfigurationPlatforms) = postSolution
		{19458B31-94BA-4D0A-8215-EEA7852C3769}.Debug|x64.ActiveCfg = Debug|x64
		{19458B31-94BA-4D0A-8215-EEA7852C3769}.Debug|x64.Build.0 = Debug|x64
		{19458B31-94BA-4D0A-8215-EEA7852C3769}.Debug|x86.ActiveCfg = Debug|Win32
		{19458B31-94BA-4D0A-8215-EEA7852C3769}.Debug|x86.Build.0 = Debug|Win32
		{19458B31-94BA-4D0A-8215-EEA7852C3769}.Release|x64.ActiveCfg = Release|x64
		{19458B31-94BA-4D0A-8215-EEA7852C3769}.Release|x64.Build.0 = Release|x64
		{19458B31-94BA-4D0A-8215-EEA7852C3769}.Release|x86.ActiveCfg = Release|Win32
		{19458B31-94BA-4D0A-8215-EEA7852C3769}.Release|x86.Build.0 = Release|Win32
		{55CE1FFE-70A2-4C1A-92CA-D72C13A8A186}.Debug|x64.ActiveCfg = Debug|x64
		{55CE1FFE-70A2-4C1A-92CA-D72C13A8A186}.Debug|x64.Build.0 = Debug|x64
		{55CE1FFE-70A2-4C1A-92CA-D72C13A8A186}.Debug|x86.ActiveCfg = Debug|Win32
		{55CE1FFE-70A2-4C1A-92CA-D72C13A8A186}.Debug|x86.Build.0 = Debug|Win32
		{55CE1FFE-70A2-4C1A-92CA-D72C13A8A186}.Release|x64.ActiveCfg = Release|x64
		{55CE1FFE-70A2-4C1A-92CA-D72C13A8A186}.Release|x64.Build.0 = Release|x64
		{55CE1FFE-70A2-4C1A-92CA-D72C13A8A186}.Release|x86.ActiveCfg = Release|Win32
		{55CE1FFE-70A2-4C1A-92CA-D72C13A8A186}.Release|x86.Build.0 = Release|Win32
		{C1136C21-4413-4B8F-A4C8-B87B1FAE625E}.Debug|x64.ActiveCfg = Debug|x64
		{C1136C21-4413-4B8F-A4C8-B87B1FAE625E}.Debug|x64.Build.0 = Debug|x64
		{C1136C21-4413-4B8F-A4C8-B87B1FAE625E}.Debug|x86.ActiveCfg = Debug|Win32
		{C1136C21-4413-4B8F-A4C8-B87B1FAE625E}.Debug|x86.Build.0 = Debug|Win32
		{C1136C21-4413-4B8F-A4C8-B87B1FAE625E}.Release|x64.ActiveCfg = Release|x64
		{C1136C21-4413-4B8F-A4C8-B87B1FAE625E}.Release|x64.Build.0 = Release|x64
		{C1136C21-4413-4B8F-A4C8-B87B1FAE625E}.Release|x86.ActiveCfg = Release|Win32
		{C1136C21-4413-4B8F-A4C8-B87B1FAE625E}.Release|x86.Build.0 = Release|Win32
		{DC6E31D6-9306-4020-859F-BF55123A8CD4}.Debug|x64.ActiveCfg = Debug|x64
		{DC6E31D6-9306-4020-859F-BF55123A8CD4}.Debug|x64.Build.0 = Debug|x64
		{DC6E31D6-9306-4020-859F-BF55123A8CD4}.Debug|x86.ActiveCfg = Debug|Win32
		{DC6E31D6-9306-4020-859F-BF55123A8CD4}.Debug|x86.Build.0 = Debug|Win32
		{DC6E31D6-9306-4020-859F-BF55123A8CD4}.Release|x64.ActiveCfg = Release|x64
		{DC6E31D6-9306-4020-859F-BF55123A8CD4}.Release|x64.Build.0 = Release|x64
		{DC6E31D6-9306-4020-859F-BF55123A8CD4}.Release|x86.ActiveCfg = Release|Win32
		{DC6E31D6-9306-4020-859F-BF55123A8CD4}.Release|x86.Build.0 = Release|Win32
		{498D111F-04BC-46EE-800F-678F7D162397}.Debug|x64.ActiveCfg = Debug|x64
		{498D111F-04BC-46EE-800F-678F7D162397}.Debug|x64.Build.0 = Debug|x64
		{498D111F-04BC-46EE-800F-678F7D162397}.Debug|x86.ActiveCfg = Debug|Win32
		{498D111F-04BC-46EE-800F-678F7D162397}.Debug|x86.Build.0 = Debug|Win32
		{498D111F-04BC-46EE-800F-678F7D162397}.Release|x64.ActiveCfg = Release|x64
		{498D111F-04BC-46EE-800F-678F7D162397}.Release|x64.Build.0 = Release|x64
		{498D111F-04BC-46EE-800F-678F7D162397}.Release|x86.ActiveCfg = Release|Win32
		{498D111F-04BC-46EE-800F-678F7D162397}.Release|x86.Build.0 = Release|Win32
		{94A7F769-DFBC-447D-AECE-9ECA31198CA2}.Debug|x64.ActiveCfg = Debug|x64
		{94A7F769-DFBC-447D-AECE-9ECA31198CA2}.Debug|x64.Build.0 = Debug|x64
		{94A7F769-DFBC-447D-AECE-9ECA31198CA2}.Debug|x86.ActiveCfg = Debug|Win32
		{94A7F769-DFBC-447D-AECE-9ECA31198CA2}.Debug|x86.Build.0 = Debug|Win32
		{94A7F769-DFBC-447D-AECE-9ECA31198CA2}.Release|x64.ActiveCfg = Release|x64
		{94A7F769-DFBC-447D-AECE-9ECA31198CA2}.Release|x64.Build.0 = Release|x64
		{94A7F769-DFBC-447D-AECE-9ECA31198CA2}.Release|x86.ActiveCfg = Release|Win32
		{94A7F769-DFBC-447D-AECE-9ECA31198CA2}.Release|x86.Build.0 = Release|Win32
		{78909EC8-0640-41D2-9312-9117E23302EA}.Debug|x64.ActiveCfg = Debug|x64
		{78909EC8-0640-41D2-9312-9117E23302EA}.Debug|x64.Build.0 = Debug|x64
		{78909EC8-0640-41D2-9312-9117E23302EA}.Debug|x86.ActiveCfg = Debug|Win32
		{78909EC8-0640-41D2-9312-9117E23302EA}.Debug|x86.Build.0 = Debug|Win32
		{78909EC8-0640-41D2-9312-9117E23302EA}.Release|x64.ActiveCfg = Release|x64
		{78909EC8-0640-41D2-9312-9117E23302EA}.Release|x64.Build.0 = Release|x64
		{78909EC8-0640-41D2-9312-9117E23302EA}.Release|x86.ActiveCfg = Release|Win32
		{78909EC8-0640-41D2-9312-9117E23302EA}.Release|x86.Build.0 = Release|Win32
		{CF56489D-2FCB-4050-BD48-ACCAEC87BCA0}.Debug|x64.ActiveCfg = Debug|x64
		{CF56489D-2FCB-4050-BD48-ACCAEC87BCA0}.Debug|x64.Build.0 = Debug|x64
		{CF56489D-2FCB-4050-BD48-ACCAEC87BCA0}.Debug|x86.ActiveCfg = Debug|Win32
		{CF56489D-2FCB-4050-BD48-ACCAEC87BCA0}.Debug|x86.Build.0 = Debug|Win32
		{CF56489D-2FCB-4050-BD48-ACCAEC87BCA0}.Release|x64.ActiveCfg = Release|x64
		{CF56489D-2FCB-4050-BD48-ACCAEC87BCA0}.Release|x64.Build.0 = Release|x64
		{CF56489D-2FCB-4050-BD48-ACCAEC87BCA0}.Release|x86.ActiveCfg = Release|Win32
		{CF56489D-2FCB-4050-BD48-ACCAEC87BCA0}.Release|x86.Build.0 = Release|Win32
		{E7183322-86BF-4D17-830E-C0B85F3A37C9}.Debug|x64.ActiveCfg = Debug|x64
		{E7183322-86BF-4D17-830E-C0B85F3A37C9}.Debug|x64.Build.0 = Debug|x64
		{E7183322-86BF-4D17-830E-C0B85F3A37C9}.Debug|x86.ActiveCfg = Debug|Win32
		{E7183322-86BF-4D17-830E-C0B85F3A37C9}.Debug|x86.Build.0 = Debug|Win32
		{E7183322-86BF-4D17-830E-C0B85F3A37C9}.Release|x64.ActiveCfg = Release|x64
		{E7183322-86BF-4D17-830E-C0B85F3A37C9}.Release|x64.Build.0 = Release|x64
		{E7183322-86BF-4D17-830E-C0B85F3A37C9}.Release|x86.ActiveCfg = Release|Win32
		{E7183322-86BF-4D17-830E-C0B85F3A37C9}.Release|x86.Build.0 = Release|Win32
		{8FAC7701-D03B-4967-B425-A6256027FEB9}.Debug|x64.ActiveCfg = Debug|x64
		{8FAC7701-D03B-4967-B425-A6256027FEB9}.Debug|x64.Build.0 = Debug|x64
		{8FAC7701-D03B-4967-B425-A6256027FEB9}.Debug|x86.ActiveCfg = Debug|Win32
		{8FAC7701-D03B-4967-B425-A6256027FEB9}.Debug|x86.Build.0 = Debug|Win32
		{8FAC7701-D03B-4967-B425-A6256027FEB9}.Release|x64.ActiveCfg = Release|x64
		{8FAC7701-D03B-4967-B425-A6256027FEB9}.Release|x64.Build.0 = Release|x64
		{8FAC7701-D03B-4967-B425-A6256027FEB9}.Release|x86.ActiveCfg = Release|Win32
		{8FAC7701-D03B-4967-B425-A6256027FEB9}.Release|x86.Build.0 = Release|Win32
		{038F0A0C-9535-4FBB-A305-8D0F133962E5}.Debug|x64.ActiveCfg = Debug|x64
		{038F0A0C-9535-4FBB-A305-8D0F133962E5}.Debug|x64.Build.0 = Debug|x64
		{038F0A0C-9535-4FBB-A305-8D0F133962E5}.Debug|x86.ActiveCfg = Debug|Win32
		{038F0A0C-9535-4FBB-A305-8D0F133962E5}.Debug|x86.Build.0 = Debug|Win32
		{038F0A0C-9535-4FBB-A305-8D0F133962E5}.Release|x64.ActiveCfg = Release|x64
		{038F0A0C-9535-4FBB-A305-8D0F133962E5}.Release|x64.Build.0 = Release|x64
		{038F0A0C-9535-4FBB-A305-8D0F133962E5}.Release|x86.ActiveCfg = Release|Win32
		{038F0A0C-9535-4FBB-A305-8D0F133962E5}.Release|x86.Build.0 = Release|Win32
		{A648294C-2975-4AB7-8A8C-E540FF02A798}.Debug|x64.ActiveCfg = Debug|x64
		{A648294C-2975-4AB7-8A8C-E540FF02A798}.Debug|x64.Build.0 = Debug|x64
		{A648294C-2975-4AB7-8A8C-E540FF02A798}.Debug|x86.ActiveCfg = Debug|Win32
		{A648294C-2975-4AB7-8A8C-E540FF02A798}.Debug|x86.Build.0 = Debug|Win32
		{A648294C-2975-4AB7-8A8C-E540FF02A798}.Release|x64.ActiveCfg = Release|x64
		{A648294C-2975-4AB7-8A8C-E540FF02A798}.Release|x64.Build.0 = Release|x64
		{A648294C-2975-4AB7-8A8C-E540FF02A798}.Release|x86.ActiveCfg = Release|Win32
		{A648294C-2975-4AB7-8A8C-E540FF02A798}.Release|x86.Build.0 = Release|Win32
		{31CA4F02-74F1-495C-A346-81C4B4B8C927}.Debug|x64.ActiveCfg = Debug|x64
		{31CA4F02-74F1-495C-A346-81C4B4B8C927}.Debug|x64.Build.0 = Debug|x64
		{31CA4F02-74F1-495C-A346-81C4B4B8C927}.Debug|x86.ActiveCfg = Debug|Win32
		{31CA4F02-74F1-495C-A346-81C4B4B8C927}.Debug|x86.Build.0 = Debug|Win32
		{31CA4F02-74F1-495C-A346-81C4B4B8C927}.Release|x64.ActiveCfg = Release|x64
		{31CA4F02-74F1-495C-A346-81C4B4B8C927}.Release|x64.Build.0 = Release|x64
		{31CA4F02-74F1-495C-A346-81C4B4B8C927}.Release|x86.ActiveCfg = Release|Win32
		{31CA4F02-74F1-495C-A346-81C4B4B8C927}.Release|x86.Build.0 = Release|Win32
		{69AA46CB-EDA3-4B17-B342-6C92DC87257B}.Debug|x64.ActiveCfg = Debug|x64
		{69AA46CB-EDA3-4B17-B342-6C92DC87257B}.Debug|x64.Build.0 = Debug|x64
		{69AA46CB-EDA3-4B17-B342-6C92DC87257B}.Debug|x86.ActiveCfg = Debug|Win32
		{69AA46CB-EDA3-4B17-B342-6C92DC87257B}.Debug|x86.Build.0 = Debug|Win32
		{69AA46CB-EDA3-4B17-B342-6C92DC87257B}.Release|x64.ActiveCfg = Release|x64
		{69AA46CB-EDA3-4B17-B342-6C92DC87257B}.Release|x64.Build.0 = Release|x64
		{69AA46CB-EDA3-4B17-B342-6C92DC87257B}.Release|x86.ActiveCfg = Release|Win32
		{69AA46CB-EDA3-4B17-B342-6C92DC87257B}.Release|x86.Build.0 = Release|Win32
		{6F9168FD-F19F-4EA6-8EEB-77E500217928}.Debug|x64.ActiveCfg = Debug|x64
		{6F9168FD-F19F-4EA6-8EEB-77E500217928}.Debug|x64.Build.0 = Debug|x64
		{6F9168FD-F19F-4EA6-8EEB-77E500217928}.Debug|x86.ActiveCfg = Debug|Win32
		{6F9168FD-F19F-4EA6-8EEB-77E500217928}.Debug|x86.Build.0 = Debug|Win32
		{6F9168FD-F19F-4EA6-8EEB-77E500217928}.Release|x64.ActiveCfg = Release|x64
		{6F9168FD-F19F-4EA6-8EEB-77E500217928}.Release|x64.Build.0 = Release|x64
		{6F9168FD-F19F-4EA6-8EEB-77E500217928}.Release|x86.ActiveCfg = Release|Win32
		{6F9168FD-F19F-4EA6-8EEB-77E500217928}.Release|x86.Build.0 = Release|Win32
		{C4D6DE67-0113-43A7-B19E-971F5BDEAB3B}.Debug|x64.ActiveCfg = Debug|x64
		{C4D6DE67-0113-43A7-B19E-971F5BDEAB3B}.Debug|x64.Build.0 = Debug|x64
		{C4D6DE67-0113-43A7-B19E-971F5BDEAB3B}.Debug|x86.ActiveCfg = Debug|Win32
		{C4D6DE67-0113-43A7-B19E-971F5BDEAB3B}.Debug|x86.Build.0 = Debug|Win32
		{C4D6DE67-0113-43A7-B19E-971F5BDEAB3B}.Release|x64.ActiveCfg = Release|x64
		{C4D6DE67-0113-43A7-B19E-971F5BDEAB3B}.Release|x64.Build.0 = Release|x64
		{C4D6DE67-0113-43A7-B19E-971F5BDEAB3B}.Release|x86.ActiveCfg = Release|Win32
		{C4D6DE67-0113-43A7-B19E-971F5BDEAB3B}.Release|x86.Build.0 = Release|Win32
	EndGlobalSection
	GlobalSection(SolutionProperties) = preSolution
		HideSolutionNode = FALSE
	EndGlobalSection
	GlobalSection(ExtensibilityGlobals) = postSolution
		SolutionGuid = {345647E9-84B1-46FA-BE89-8391DDA83D63}
	EndGlobalSection
EndGlobal
